
Microsoft Visual Studio Solution File, Format Version 12.00
# Visual Studio Version 16
VisualStudioVersion = 16.0.30011.22
MinimumVisualStudioVersion = 10.0.40219.1
Project("{FAE04EC0-301F-11D3-BF4B-00C04F79EFBC}") = "UI", "UI\UI.csproj", "{0A6664A0-08C4-40B8-A9E5-E30469BC1117}"
EndProject
Project("{FAE04EC0-301F-11D3-BF4B-00C04F79EFBC}") = "DAL", "DAL\DAL.csproj", "{52E11E2F-EAC4-4C6E-91B5-40171CA9DBB1}"
EndProject
Project("{FAE04EC0-301F-11D3-BF4B-00C04F79EFBC}") = "DomainModel", "DomainModel\DomainModel.csproj", "{ED69F2CC-F8E8-4C1F-B7E9-EB8EDC28907E}"
EndProject
Project("{FAE04EC0-301F-11D3-BF4B-00C04F79EFBC}") = "Services", "Services\Services.csproj", "{39225349-001E-4C38-A97D-09D534DEB73A}"
EndProject
Project("{FAE04EC0-301F-11D3-BF4B-00C04F79EFBC}") = "BLL", "BLL\BLL.csproj", "{2B83AD36-6866-467D-8D40-6D2C032CDB93}"
EndProject
Project("{FAE04EC0-301F-11D3-BF4B-00C04F79EFBC}") = "UI-Parcial", "UI-Parcial\UI-Parcial.csproj", "{9DC1119E-E5CE-4517-8FE6-598086EF8F14}"
EndProject
Project("{2150E333-8FDC-42A3-9474-1A3956D46DE8}") = "Model", "Model", "{D3F2FDC2-C6FD-4073-9488-3F1F6123772D}"
EndProject
Project("{2150E333-8FDC-42A3-9474-1A3956D46DE8}") = "View", "View", "{89D58818-91E9-41F9-9E66-343A24A26810}"
EndProject
Project("{2150E333-8FDC-42A3-9474-1A3956D46DE8}") = "View-Old", "View-Old", "{A89CDABB-1956-47BB-B38E-BE969197B3B9}"
EndProject
Project("{FAE04EC0-301F-11D3-BF4B-00C04F79EFBC}") = "WinApp", "WinApp\WinApp.csproj", "{DF904379-00BA-49DF-8F11-01E41653F718}"
EndProject
Project("{2150E333-8FDC-42A3-9474-1A3956D46DE8}") = "Controller", "Controller", "{0AB8F739-9F82-4F1D-9FAC-481CCC863F22}"
EndProject
Project("{FAE04EC0-301F-11D3-BF4B-00C04F79EFBC}") = "Controller", "Controller\Controller.csproj", "{B3823627-D7A0-405C-842B-880F49D328D6}"
EndProject
Global
	GlobalSection(SolutionConfigurationPlatforms) = preSolution
		Debug|Any CPU = Debug|Any CPU
		Release|Any CPU = Release|Any CPU
	EndGlobalSection
	GlobalSection(ProjectConfigurationPlatforms) = postSolution
		{0A6664A0-08C4-40B8-A9E5-E30469BC1117}.Debug|Any CPU.ActiveCfg = Debug|Any CPU
		{0A6664A0-08C4-40B8-A9E5-E30469BC1117}.Debug|Any CPU.Build.0 = Debug|Any CPU
		{0A6664A0-08C4-40B8-A9E5-E30469BC1117}.Release|Any CPU.ActiveCfg = Release|Any CPU
		{0A6664A0-08C4-40B8-A9E5-E30469BC1117}.Release|Any CPU.Build.0 = Release|Any CPU
		{52E11E2F-EAC4-4C6E-91B5-40171CA9DBB1}.Debug|Any CPU.ActiveCfg = Debug|Any CPU
		{52E11E2F-EAC4-4C6E-91B5-40171CA9DBB1}.Debug|Any CPU.Build.0 = Debug|Any CPU
		{52E11E2F-EAC4-4C6E-91B5-40171CA9DBB1}.Release|Any CPU.ActiveCfg = Release|Any CPU
		{52E11E2F-EAC4-4C6E-91B5-40171CA9DBB1}.Release|Any CPU.Build.0 = Release|Any CPU
		{ED69F2CC-F8E8-4C1F-B7E9-EB8EDC28907E}.Debug|Any CPU.ActiveCfg = Debug|Any CPU
		{ED69F2CC-F8E8-4C1F-B7E9-EB8EDC28907E}.Debug|Any CPU.Build.0 = Debug|Any CPU
		{ED69F2CC-F8E8-4C1F-B7E9-EB8EDC28907E}.Release|Any CPU.ActiveCfg = Release|Any CPU
		{ED69F2CC-F8E8-4C1F-B7E9-EB8EDC28907E}.Release|Any CPU.Build.0 = Release|Any CPU
		{39225349-001E-4C38-A97D-09D534DEB73A}.Debug|Any CPU.ActiveCfg = Debug|Any CPU
		{39225349-001E-4C38-A97D-09D534DEB73A}.Debug|Any CPU.Build.0 = Debug|Any CPU
		{39225349-001E-4C38-A97D-09D534DEB73A}.Release|Any CPU.ActiveCfg = Release|Any CPU
		{39225349-001E-4C38-A97D-09D534DEB73A}.Release|Any CPU.Build.0 = Release|Any CPU
		{2B83AD36-6866-467D-8D40-6D2C032CDB93}.Debug|Any CPU.ActiveCfg = Debug|Any CPU
		{2B83AD36-6866-467D-8D40-6D2C032CDB93}.Debug|Any CPU.Build.0 = Debug|Any CPU
		{2B83AD36-6866-467D-8D40-6D2C032CDB93}.Release|Any CPU.ActiveCfg = Release|Any CPU
		{2B83AD36-6866-467D-8D40-6D2C032CDB93}.Release|Any CPU.Build.0 = Release|Any CPU
		{9DC1119E-E5CE-4517-8FE6-598086EF8F14}.Debug|Any CPU.ActiveCfg = Debug|Any CPU
		{9DC1119E-E5CE-4517-8FE6-598086EF8F14}.Debug|Any CPU.Build.0 = Debug|Any CPU
		{9DC1119E-E5CE-4517-8FE6-598086EF8F14}.Release|Any CPU.ActiveCfg = Release|Any CPU
		{9DC1119E-E5CE-4517-8FE6-598086EF8F14}.Release|Any CPU.Build.0 = Release|Any CPU
		{DF904379-00BA-49DF-8F11-01E41653F718}.Debug|Any CPU.ActiveCfg = Debug|Any CPU
		{DF904379-00BA-49DF-8F11-01E41653F718}.Debug|Any CPU.Build.0 = Debug|Any CPU
		{DF904379-00BA-49DF-8F11-01E41653F718}.Release|Any CPU.ActiveCfg = Release|Any CPU
		{DF904379-00BA-49DF-8F11-01E41653F718}.Release|Any CPU.Build.0 = Release|Any CPU
		{B3823627-D7A0-405C-842B-880F49D328D6}.Debug|Any CPU.ActiveCfg = Debug|Any CPU
		{B3823627-D7A0-405C-842B-880F49D328D6}.Debug|Any CPU.Build.0 = Debug|Any CPU
		{B3823627-D7A0-405C-842B-880F49D328D6}.Release|Any CPU.ActiveCfg = Release|Any CPU
		{B3823627-D7A0-405C-842B-880F49D328D6}.Release|Any CPU.Build.0 = Release|Any CPU
	EndGlobalSection
	GlobalSection(SolutionProperties) = preSolution
		HideSolutionNode = FALSE
	EndGlobalSection
	GlobalSection(NestedProjects) = preSolution
		{0A6664A0-08C4-40B8-A9E5-E30469BC1117} = {A89CDABB-1956-47BB-B38E-BE969197B3B9}
		{52E11E2F-EAC4-4C6E-91B5-40171CA9DBB1} = {D3F2FDC2-C6FD-4073-9488-3F1F6123772D}
		{ED69F2CC-F8E8-4C1F-B7E9-EB8EDC28907E} = {D3F2FDC2-C6FD-4073-9488-3F1F6123772D}
		{39225349-001E-4C38-A97D-09D534DEB73A} = {D3F2FDC2-C6FD-4073-9488-3F1F6123772D}
		{2B83AD36-6866-467D-8D40-6D2C032CDB93} = {D3F2FDC2-C6FD-4073-9488-3F1F6123772D}
		{9DC1119E-E5CE-4517-8FE6-598086EF8F14} = {A89CDABB-1956-47BB-B38E-BE969197B3B9}
		{DF904379-00BA-49DF-8F11-01E41653F718} = {89D58818-91E9-41F9-9E66-343A24A26810}
		{B3823627-D7A0-405C-842B-880F49D328D6} = {0AB8F739-9F82-4F1D-9FAC-481CCC863F22}
	EndGlobalSection
	GlobalSection(ExtensibilityGlobals) = postSolution
		SolutionGuid = {ABA23AAF-A1DE-4A98-8476-136B0D6E768D}
	EndGlobalSection
EndGlobal
